
Microsoft Visual Studio Solution File, Format Version 12.00
# Visual Studio Version 16
VisualStudioVersion = 16.0.30503.244
MinimumVisualStudioVersion = 10.0.40219.1
Project("{FAE04EC0-301F-11D3-BF4B-00C04F79EFBC}") = "TaskManager", "TaskManager.csproj", "{06832000-D917-424B-8E02-70A4B6B117EA}"
EndProject
Global
	GlobalSection(SolutionConfigurationPlatforms) = preSolution
		Debug|Any CPU = Debug|Any CPU
		Release|Any CPU = Release|Any CPU
	EndGlobalSection
	GlobalSection(ProjectConfigurationPlatforms) = postSolution
		{06832000-D917-424B-8E02-70A4B6B117EA}.Debug|Any CPU.ActiveCfg = Debug|Any CPU
		{06832000-D917-424B-8E02-70A4B6B117EA}.Debug|Any CPU.Build.0 = Debug|Any CPU
		{06832000-D917-424B-8E02-70A4B6B117EA}.Release|Any CPU.ActiveCfg = Release|Any CPU
		{06832000-D917-424B-8E02-70A4B6B117EA}.Release|Any CPU.Build.0 = Release|Any CPU
	EndGlobalSection
	GlobalSection(SolutionProperties) = preSolution
		HideSolutionNode = FALSE
	EndGlobalSection
	GlobalSection(ExtensibilityGlobals) = postSolution
		SolutionGuid = {6D74942A-9F45-49B6-A761-A5F307302430}
	EndGlobalSection
EndGlobal
